
Microsoft Visual Studio Solution File, Format Version 12.00
# Visual Studio Version 17
VisualStudioVersion = 17.0.31912.275
MinimumVisualStudioVersion = 10.0.40219.1
Project("{9A19103F-16F7-4668-BE54-9A1E7A4F7556}") = "SalesSupermarket", "SalesSupermarket\SalesSupermarket.csproj", "{365E4E85-ECAE-40DB-9056-503AEBBCD3A5}"
EndProject
Project("{9A19103F-16F7-4668-BE54-9A1E7A4F7556}") = "SalesSupermarket.ApplicationService", "SalesSupermarket.ApplicationServices\SalesSupermarket.ApplicationService.csproj", "{E2C217E7-9135-4821-BE69-FF5AA68946AE}"
EndProject
Project("{9A19103F-16F7-4668-BE54-9A1E7A4F7556}") = "SalesSupermarket.Core", "SalesSupermarket.Core\SalesSupermarket.Core.csproj", "{1EE039EF-53AF-462C-AD56-A32F3F5498CA}"
EndProject
Project("{9A19103F-16F7-4668-BE54-9A1E7A4F7556}") = "SalesSupermarket.DataAccess", "SalesSupermarket.DataAccess\SalesSupermarket.DataAccess.csproj", "{8EE584D0-A372-4B23-AA66-65426469EF55}"
EndProject
Project("{2150E333-8FDC-42A3-9474-1A3956D46DE8}") = "sales", "sales", "{B22D8222-1E16-4724-AB1B-65DC9844ADAA}"
EndProject
Project("{2150E333-8FDC-42A3-9474-1A3956D46DE8}") = "regularClients", "regularClients", "{8559CD36-54E8-47B6-8F44-F8D479AA40DE}"
EndProject
Project("{9A19103F-16F7-4668-BE54-9A1E7A4F7556}") = "RegularClientSupermarket.Core", "RegularClientSupermarket.Core\RegularClientSupermarket.Core.csproj", "{D1E25D93-43F5-4F76-B24A-7C17C42DEC68}"
EndProject
Project("{9A19103F-16F7-4668-BE54-9A1E7A4F7556}") = "RegularClientSupermarket.DataAccess", "RegularClientSupermarket.DataAccess\RegularClientSupermarket.DataAccess.csproj", "{30EECCE6-7BDD-48B4-94BE-561E3A39EF88}"
EndProject
Project("{9A19103F-16F7-4668-BE54-9A1E7A4F7556}") = "RegularClientSupermarket.ApplicationService", "RegularClientSupermarket.ApplicationService\RegularClientSupermarket.ApplicationService.csproj", "{2CD3887E-ABF2-42F5-9AE9-BF5D5D49E671}"
EndProject
Project("{9A19103F-16F7-4668-BE54-9A1E7A4F7556}") = "RegularClientSupermarket", "RegularClientSupermarket\RegularClientSupermarket.csproj", "{883AE6E5-66D0-41E1-8C20-859EB25A8D1E}"
EndProject
Project("{2150E333-8FDC-42A3-9474-1A3956D46DE8}") = "prodcts", "prodcts", "{8D853F39-E54E-4F1A-91A1-0563B071D16A}"
EndProject
Project("{9A19103F-16F7-4668-BE54-9A1E7A4F7556}") = "ProductsSupermarket.Core", "ProductsSupermarket.Core\ProductsSupermarket.Core.csproj", "{44F11215-AF73-4DA1-95FF-AC88D80BFEA9}"
EndProject
Project("{9A19103F-16F7-4668-BE54-9A1E7A4F7556}") = "ProductsSupermarket.DataAccess", "ProductsSupermarket.DataAccess\ProductsSupermarket.DataAccess.csproj", "{8989E7A7-2D65-49E4-81B2-605D52651703}"
EndProject
Project("{9A19103F-16F7-4668-BE54-9A1E7A4F7556}") = "ProductsSupermarket.ApplicationService", "ProductsSupermarket.ApplicationService\ProductsSupermarket.ApplicationService.csproj", "{9AE8E2DA-6454-4560-B752-CED3FF1D7064}"
EndProject
Project("{9A19103F-16F7-4668-BE54-9A1E7A4F7556}") = "ProductsSupermarket", "ProductsSupermarket\ProductsSupermarket.csproj", "{3CD237AB-02E0-4ED7-8A38-C6FF92F595D4}"
EndProject
Project("{E53339B2-1760-4266-BCC7-CA923CBCF16C}") = "docker-compose", "docker-compose.dcproj", "{F8A4A0C5-2622-42A1-B756-01A1A31F5014}"
EndProject
Global
	GlobalSection(SolutionConfigurationPlatforms) = preSolution
		Debug|Any CPU = Debug|Any CPU
		Release|Any CPU = Release|Any CPU
	EndGlobalSection
	GlobalSection(ProjectConfigurationPlatforms) = postSolution
		{365E4E85-ECAE-40DB-9056-503AEBBCD3A5}.Debug|Any CPU.ActiveCfg = Debug|Any CPU
		{365E4E85-ECAE-40DB-9056-503AEBBCD3A5}.Debug|Any CPU.Build.0 = Debug|Any CPU
		{365E4E85-ECAE-40DB-9056-503AEBBCD3A5}.Release|Any CPU.ActiveCfg = Release|Any CPU
		{365E4E85-ECAE-40DB-9056-503AEBBCD3A5}.Release|Any CPU.Build.0 = Release|Any CPU
		{E2C217E7-9135-4821-BE69-FF5AA68946AE}.Debug|Any CPU.ActiveCfg = Debug|Any CPU
		{E2C217E7-9135-4821-BE69-FF5AA68946AE}.Debug|Any CPU.Build.0 = Debug|Any CPU
		{E2C217E7-9135-4821-BE69-FF5AA68946AE}.Release|Any CPU.ActiveCfg = Release|Any CPU
		{E2C217E7-9135-4821-BE69-FF5AA68946AE}.Release|Any CPU.Build.0 = Release|Any CPU
		{1EE039EF-53AF-462C-AD56-A32F3F5498CA}.Debug|Any CPU.ActiveCfg = Debug|Any CPU
		{1EE039EF-53AF-462C-AD56-A32F3F5498CA}.Debug|Any CPU.Build.0 = Debug|Any CPU
		{1EE039EF-53AF-462C-AD56-A32F3F5498CA}.Release|Any CPU.ActiveCfg = Release|Any CPU
		{1EE039EF-53AF-462C-AD56-A32F3F5498CA}.Release|Any CPU.Build.0 = Release|Any CPU
		{8EE584D0-A372-4B23-AA66-65426469EF55}.Debug|Any CPU.ActiveCfg = Debug|Any CPU
		{8EE584D0-A372-4B23-AA66-65426469EF55}.Debug|Any CPU.Build.0 = Debug|Any CPU
		{8EE584D0-A372-4B23-AA66-65426469EF55}.Release|Any CPU.ActiveCfg = Release|Any CPU
		{8EE584D0-A372-4B23-AA66-65426469EF55}.Release|Any CPU.Build.0 = Release|Any CPU
		{D1E25D93-43F5-4F76-B24A-7C17C42DEC68}.Debug|Any CPU.ActiveCfg = Debug|Any CPU
		{D1E25D93-43F5-4F76-B24A-7C17C42DEC68}.Debug|Any CPU.Build.0 = Debug|Any CPU
		{D1E25D93-43F5-4F76-B24A-7C17C42DEC68}.Release|Any CPU.ActiveCfg = Release|Any CPU
		{D1E25D93-43F5-4F76-B24A-7C17C42DEC68}.Release|Any CPU.Build.0 = Release|Any CPU
		{30EECCE6-7BDD-48B4-94BE-561E3A39EF88}.Debug|Any CPU.ActiveCfg = Debug|Any CPU
		{30EECCE6-7BDD-48B4-94BE-561E3A39EF88}.Debug|Any CPU.Build.0 = Debug|Any CPU
		{30EECCE6-7BDD-48B4-94BE-561E3A39EF88}.Release|Any CPU.ActiveCfg = Release|Any CPU
		{30EECCE6-7BDD-48B4-94BE-561E3A39EF88}.Release|Any CPU.Build.0 = Release|Any CPU
		{2CD3887E-ABF2-42F5-9AE9-BF5D5D49E671}.Debug|Any CPU.ActiveCfg = Debug|Any CPU
		{2CD3887E-ABF2-42F5-9AE9-BF5D5D49E671}.Debug|Any CPU.Build.0 = Debug|Any CPU
		{2CD3887E-ABF2-42F5-9AE9-BF5D5D49E671}.Release|Any CPU.ActiveCfg = Release|Any CPU
		{2CD3887E-ABF2-42F5-9AE9-BF5D5D49E671}.Release|Any CPU.Build.0 = Release|Any CPU
		{883AE6E5-66D0-41E1-8C20-859EB25A8D1E}.Debug|Any CPU.ActiveCfg = Debug|Any CPU
		{883AE6E5-66D0-41E1-8C20-859EB25A8D1E}.Debug|Any CPU.Build.0 = Debug|Any CPU
		{883AE6E5-66D0-41E1-8C20-859EB25A8D1E}.Release|Any CPU.ActiveCfg = Release|Any CPU
		{883AE6E5-66D0-41E1-8C20-859EB25A8D1E}.Release|Any CPU.Build.0 = Release|Any CPU
		{44F11215-AF73-4DA1-95FF-AC88D80BFEA9}.Debug|Any CPU.ActiveCfg = Debug|Any CPU
		{44F11215-AF73-4DA1-95FF-AC88D80BFEA9}.Debug|Any CPU.Build.0 = Debug|Any CPU
		{44F11215-AF73-4DA1-95FF-AC88D80BFEA9}.Release|Any CPU.ActiveCfg = Release|Any CPU
		{44F11215-AF73-4DA1-95FF-AC88D80BFEA9}.Release|Any CPU.Build.0 = Release|Any CPU
		{8989E7A7-2D65-49E4-81B2-605D52651703}.Debug|Any CPU.ActiveCfg = Debug|Any CPU
		{8989E7A7-2D65-49E4-81B2-605D52651703}.Debug|Any CPU.Build.0 = Debug|Any CPU
		{8989E7A7-2D65-49E4-81B2-605D52651703}.Release|Any CPU.ActiveCfg = Release|Any CPU
		{8989E7A7-2D65-49E4-81B2-605D52651703}.Release|Any CPU.Build.0 = Release|Any CPU
		{9AE8E2DA-6454-4560-B752-CED3FF1D7064}.Debug|Any CPU.ActiveCfg = Debug|Any CPU
		{9AE8E2DA-6454-4560-B752-CED3FF1D7064}.Debug|Any CPU.Build.0 = Debug|Any CPU
		{9AE8E2DA-6454-4560-B752-CED3FF1D7064}.Release|Any CPU.ActiveCfg = Release|Any CPU
		{9AE8E2DA-6454-4560-B752-CED3FF1D7064}.Release|Any CPU.Build.0 = Release|Any CPU
		{3CD237AB-02E0-4ED7-8A38-C6FF92F595D4}.Debug|Any CPU.ActiveCfg = Debug|Any CPU
		{3CD237AB-02E0-4ED7-8A38-C6FF92F595D4}.Debug|Any CPU.Build.0 = Debug|Any CPU
		{3CD237AB-02E0-4ED7-8A38-C6FF92F595D4}.Release|Any CPU.ActiveCfg = Release|Any CPU
		{3CD237AB-02E0-4ED7-8A38-C6FF92F595D4}.Release|Any CPU.Build.0 = Release|Any CPU
		{F8A4A0C5-2622-42A1-B756-01A1A31F5014}.Debug|Any CPU.ActiveCfg = Debug|Any CPU
		{F8A4A0C5-2622-42A1-B756-01A1A31F5014}.Debug|Any CPU.Build.0 = Debug|Any CPU
		{F8A4A0C5-2622-42A1-B756-01A1A31F5014}.Release|Any CPU.ActiveCfg = Release|Any CPU
		{F8A4A0C5-2622-42A1-B756-01A1A31F5014}.Release|Any CPU.Build.0 = Release|Any CPU
	EndGlobalSection
	GlobalSection(SolutionProperties) = preSolution
		HideSolutionNode = FALSE
	EndGlobalSection
	GlobalSection(NestedProjects) = preSolution
		{365E4E85-ECAE-40DB-9056-503AEBBCD3A5} = {B22D8222-1E16-4724-AB1B-65DC9844ADAA}
		{E2C217E7-9135-4821-BE69-FF5AA68946AE} = {B22D8222-1E16-4724-AB1B-65DC9844ADAA}
		{1EE039EF-53AF-462C-AD56-A32F3F5498CA} = {B22D8222-1E16-4724-AB1B-65DC9844ADAA}
		{8EE584D0-A372-4B23-AA66-65426469EF55} = {B22D8222-1E16-4724-AB1B-65DC9844ADAA}
		{D1E25D93-43F5-4F76-B24A-7C17C42DEC68} = {8559CD36-54E8-47B6-8F44-F8D479AA40DE}
		{30EECCE6-7BDD-48B4-94BE-561E3A39EF88} = {8559CD36-54E8-47B6-8F44-F8D479AA40DE}
		{2CD3887E-ABF2-42F5-9AE9-BF5D5D49E671} = {8559CD36-54E8-47B6-8F44-F8D479AA40DE}
		{883AE6E5-66D0-41E1-8C20-859EB25A8D1E} = {8559CD36-54E8-47B6-8F44-F8D479AA40DE}
		{44F11215-AF73-4DA1-95FF-AC88D80BFEA9} = {8D853F39-E54E-4F1A-91A1-0563B071D16A}
		{8989E7A7-2D65-49E4-81B2-605D52651703} = {8D853F39-E54E-4F1A-91A1-0563B071D16A}
		{9AE8E2DA-6454-4560-B752-CED3FF1D7064} = {8D853F39-E54E-4F1A-91A1-0563B071D16A}
		{3CD237AB-02E0-4ED7-8A38-C6FF92F595D4} = {8D853F39-E54E-4F1A-91A1-0563B071D16A}
	EndGlobalSection
	GlobalSection(ExtensibilityGlobals) = postSolution
		SolutionGuid = {292FFECE-97B5-4720-91BD-29C8A12018F9}
	EndGlobalSection
EndGlobal
